
Microsoft Visual Studio Solution File, Format Version 12.00
# Visual Studio Version 16
VisualStudioVersion = 16.0.30611.23
MinimumVisualStudioVersion = 10.0.40219.1
Project("{2150E333-8FDC-42A3-9474-1A3956D46DE8}") = "Application", "Application", "{B70AA57B-5EF6-42E3-805E-36BC818A44B1}"
EndProject
Project("{2150E333-8FDC-42A3-9474-1A3956D46DE8}") = "Domain", "Domain", "{F1F39634-8846-4FE5-9293-5F187308D897}"
EndProject
Project("{2150E333-8FDC-42A3-9474-1A3956D46DE8}") = "Infra.IoC", "Infra.IoC", "{9F0B55E7-841D-47F1-934D-D0BC1D6F7692}"
EndProject
Project("{2150E333-8FDC-42A3-9474-1A3956D46DE8}") = "Infra.Data", "Infra.Data", "{AD94EA52-C2DC-4054-8600-576E5F006EF7}"
EndProject
Project("{2150E333-8FDC-42A3-9474-1A3956D46DE8}") = "Presentation", "Presentation", "{B63AAA3A-87AC-4F83-987B-EFEB0E076E7C}"
EndProject
Project("{9A19103F-16F7-4668-BE54-9A1E7A4F7556}") = "CleanArch.Mvc", "CleanArch.Mvc\CleanArch.Mvc.csproj", "{CD396A7B-72C1-45D4-99CD-9A172763D6B9}"
EndProject
Project("{9A19103F-16F7-4668-BE54-9A1E7A4F7556}") = "CleanArch.Domain", "CleanArch.Domain\CleanArch.Domain.csproj", "{3F0C3DD6-3FA8-45E5-8410-3B11E836CEFE}"
EndProject
Project("{9A19103F-16F7-4668-BE54-9A1E7A4F7556}") = "CleanArch.Infra.Data", "CleanArch.Infra.Data\CleanArch.Infra.Data.csproj", "{17AF2C75-5A40-4D5C-8D1E-6F22742696B7}"
EndProject
Project("{9A19103F-16F7-4668-BE54-9A1E7A4F7556}") = "CleanArch.Application", "CleanArch.Application\CleanArch.Application.csproj", "{AD3A2A77-7B32-4011-8060-EFD690888201}"
EndProject
Project("{9A19103F-16F7-4668-BE54-9A1E7A4F7556}") = "CleanArch.Infra.IoC", "CleanArch.Infra.IoC\CleanArch.Infra.IoC.csproj", "{3F60CD5E-863A-43BB-83DB-7D6414C881D6}"
EndProject
Project("{2150E333-8FDC-42A3-9474-1A3956D46DE8}") = "Infra.Bus", "Infra.Bus", "{95111BE0-6742-47C8-ADF7-BF1F19315F40}"
EndProject
Project("{2150E333-8FDC-42A3-9474-1A3956D46DE8}") = "Api", "Api", "{990A29B6-16BA-40D8-92A1-5AF5BCD4AF07}"
EndProject
Project("{FAE04EC0-301F-11D3-BF4B-00C04F79EFBC}") = "CleanArch.Infra.Bus", "CleanArch.Infra.Bus\CleanArch.Infra.Bus.csproj", "{6C6924BF-11AA-4DDB-A03D-13B02B71D259}"
EndProject
Global
	GlobalSection(SolutionConfigurationPlatforms) = preSolution
		Debug|Any CPU = Debug|Any CPU
		Release|Any CPU = Release|Any CPU
	EndGlobalSection
	GlobalSection(ProjectConfigurationPlatforms) = postSolution
		{CD396A7B-72C1-45D4-99CD-9A172763D6B9}.Debug|Any CPU.ActiveCfg = Debug|Any CPU
		{CD396A7B-72C1-45D4-99CD-9A172763D6B9}.Debug|Any CPU.Build.0 = Debug|Any CPU
		{CD396A7B-72C1-45D4-99CD-9A172763D6B9}.Release|Any CPU.ActiveCfg = Release|Any CPU
		{CD396A7B-72C1-45D4-99CD-9A172763D6B9}.Release|Any CPU.Build.0 = Release|Any CPU
		{3F0C3DD6-3FA8-45E5-8410-3B11E836CEFE}.Debug|Any CPU.ActiveCfg = Debug|Any CPU
		{3F0C3DD6-3FA8-45E5-8410-3B11E836CEFE}.Debug|Any CPU.Build.0 = Debug|Any CPU
		{3F0C3DD6-3FA8-45E5-8410-3B11E836CEFE}.Release|Any CPU.ActiveCfg = Release|Any CPU
		{3F0C3DD6-3FA8-45E5-8410-3B11E836CEFE}.Release|Any CPU.Build.0 = Release|Any CPU
		{17AF2C75-5A40-4D5C-8D1E-6F22742696B7}.Debug|Any CPU.ActiveCfg = Debug|Any CPU
		{17AF2C75-5A40-4D5C-8D1E-6F22742696B7}.Debug|Any CPU.Build.0 = Debug|Any CPU
		{17AF2C75-5A40-4D5C-8D1E-6F22742696B7}.Release|Any CPU.ActiveCfg = Release|Any CPU
		{17AF2C75-5A40-4D5C-8D1E-6F22742696B7}.Release|Any CPU.Build.0 = Release|Any CPU
		{AD3A2A77-7B32-4011-8060-EFD690888201}.Debug|Any CPU.ActiveCfg = Debug|Any CPU
		{AD3A2A77-7B32-4011-8060-EFD690888201}.Debug|Any CPU.Build.0 = Debug|Any CPU
		{AD3A2A77-7B32-4011-8060-EFD690888201}.Release|Any CPU.ActiveCfg = Release|Any CPU
		{AD3A2A77-7B32-4011-8060-EFD690888201}.Release|Any CPU.Build.0 = Release|Any CPU
		{3F60CD5E-863A-43BB-83DB-7D6414C881D6}.Debug|Any CPU.ActiveCfg = Debug|Any CPU
		{3F60CD5E-863A-43BB-83DB-7D6414C881D6}.Debug|Any CPU.Build.0 = Debug|Any CPU
		{3F60CD5E-863A-43BB-83DB-7D6414C881D6}.Release|Any CPU.ActiveCfg = Release|Any CPU
		{3F60CD5E-863A-43BB-83DB-7D6414C881D6}.Release|Any CPU.Build.0 = Release|Any CPU
		{6C6924BF-11AA-4DDB-A03D-13B02B71D259}.Debug|Any CPU.ActiveCfg = Debug|Any CPU
		{6C6924BF-11AA-4DDB-A03D-13B02B71D259}.Debug|Any CPU.Build.0 = Debug|Any CPU
		{6C6924BF-11AA-4DDB-A03D-13B02B71D259}.Release|Any CPU.ActiveCfg = Release|Any CPU
		{6C6924BF-11AA-4DDB-A03D-13B02B71D259}.Release|Any CPU.Build.0 = Release|Any CPU
	EndGlobalSection
	GlobalSection(SolutionProperties) = preSolution
		HideSolutionNode = FALSE
	EndGlobalSection
	GlobalSection(NestedProjects) = preSolution
		{CD396A7B-72C1-45D4-99CD-9A172763D6B9} = {B63AAA3A-87AC-4F83-987B-EFEB0E076E7C}
		{3F0C3DD6-3FA8-45E5-8410-3B11E836CEFE} = {F1F39634-8846-4FE5-9293-5F187308D897}
		{17AF2C75-5A40-4D5C-8D1E-6F22742696B7} = {AD94EA52-C2DC-4054-8600-576E5F006EF7}
		{AD3A2A77-7B32-4011-8060-EFD690888201} = {B70AA57B-5EF6-42E3-805E-36BC818A44B1}
		{3F60CD5E-863A-43BB-83DB-7D6414C881D6} = {9F0B55E7-841D-47F1-934D-D0BC1D6F7692}
		{6C6924BF-11AA-4DDB-A03D-13B02B71D259} = {95111BE0-6742-47C8-ADF7-BF1F19315F40}
	EndGlobalSection
	GlobalSection(ExtensibilityGlobals) = postSolution
		SolutionGuid = {BDAF07DC-710F-4D07-B985-B0F62146D522}
	EndGlobalSection
EndGlobal
